{
  "name": "numinfo",
  "version": "1.0.0",
  "lockfileVersion": 3,
  "requires": true,
  "packages": {
    "": {
      "name": "numinfo",
      "version": "1.0.0",
      "dependencies": {
        "fzstd": "^0.1.1",
        "hyparquet": "^1.4.2"
      }
    },
    "node_modules/fzstd": {
      "version": "0.1.1",
      "resolved": "https://registry.npmjs.org/fzstd/-/fzstd-0.1.1.tgz",
      "integrity": "sha512-dkuVSOKKwh3eas5VkJy1AW1vFpet8TA/fGmVA5krThl8YcOVE/8ZIoEA1+U1vEn5ckxxhLirSdY837azmbaNHA==",
      "license": "MIT"
    },
    "node_modules/hyparquet": {
      "version": "1.29.2",
      "resolved": "https://registry.npmjs.org/hyparquet/-/hyparquet-1.29.2.tgz",
      "integrity": "sha512-2LxinZ8X0JqToST+9OXcy9t3t5Q7ZneMTkSqUx/36Hv18pCTk/N71IWZc7APTSNG1Me39l/jjEvzZSZ0R+Knbw==",
      "license": "MIT"
    }
  }
}
