{
  "name": "hitek-data-worker",
  "version": "1.0.0",
  "lockfileVersion": 3,
  "requires": true,
  "packages": {
    "": {
      "name": "hitek-data-worker",
      "version": "1.0.0",
      "dependencies": {
        "fzstd": "^0.1.1",
        "hyparquet": "^1.4.2",
        "hyparquet-compressors": "^1.1.1"
      }
    },
    "node_modules/fzstd": {
      "version": "0.1.1",
      "resolved": "https://registry.npmjs.org/fzstd/-/fzstd-0.1.1.tgz",
      "integrity": "sha512-dkuVSOKKwh3eas5VkJy1AW1vFpet8TA/fGmVA5krThl8YcOVE/8ZIoEA1+U1vEn5ckxxhLirSdY837azmbaNHA==",
      "license": "MIT"
    },
    "node_modules/hyparquet": {
      "version": "1.29.2",
      "resolved": "https://registry.npmjs.org/hyparquet/-/hyparquet-1.29.2.tgz",
      "integrity": "sha512-2LxinZ8X0JqToST+9OXcy9t3t5Q7ZneMTkSqUx/36Hv18pCTk/N71IWZc7APTSNG1Me39l/jjEvzZSZ0R+Knbw==",
      "license": "MIT"
    },
    "node_modules/hyparquet-compressors": {
      "version": "1.1.1",
      "resolved": "https://registry.npmjs.org/hyparquet-compressors/-/hyparquet-compressors-1.1.1.tgz",
      "integrity": "sha512-yx7aA3Rhj0YycbdV71+XznQSLAefa4cT0urpgNXy4aM6eSeCknaVDNne8y45Uz74Fb15yyXUzOStlceOJBan7A==",
      "license": "MIT",
      "dependencies": {
        "fzstd": "0.1.1",
        "hysnappy": "1.0.0"
      }
    },
    "node_modules/hysnappy": {
      "version": "1.0.0",
      "resolved": "https://registry.npmjs.org/hysnappy/-/hysnappy-1.0.0.tgz",
      "integrity": "sha512-MNrC4NfwDGPb889O6gIfEtbvEZCSWUsSEhsz4Oq2FRcpGtXHfeVz3KciSPp5Pnnz1NjFMgDQNfxdJozymJEDDA==",
      "license": "MIT"
    }
  }
}
